// !$*UTF8*$!
{
	archiveVersion = 1;
	classes = {
	};
	objectVersion = 46;
	objects = {

/* Begin PBXBuildFile section */
		17A9A5C0EAEBA038374C1030 /* ContentView.swift in Sources */ = {isa = PBXBuildFile; fileRef = 6F17F1F724C9C0730804DDB7 /* ContentView.swift */; };
		4ACE4754306A74E59B7A5E2B /* DesignSystemUITests.swift in Sources */ = {isa = PBXBuildFile; fileRef = 5058E1E1A8987CCF85129DA9 /* DesignSystemUITests.swift */; };
		531397CD39C7E456987C5161 /* NativeTemplateApp.swift in Sources */ = {isa = PBXBuildFile; fileRef = 38A1BECCFE39A95EF76A8B87 /* NativeTemplateApp.swift */; };
		92A0BEE22F912E959015820A /* DesignSystem in Frameworks */ = {isa = PBXBuildFile; productRef = 699B67D00555C3B038BBB4CE /* DesignSystem */; };
		933A180363461C440CAC6A7A /* Foundation.framework in Frameworks */ = {isa = PBXBuildFile; fileRef = CC566ECE70854E4C874BC00B /* Foundation.framework */; };
		C2A09AB0EDBBB26F23ECF702 /* DesignSystemTestHost.swift in Sources */ = {isa = PBXBuildFile; fileRef = 022C7143129A440ED0E89D4D /* DesignSystemTestHost.swift */; };
		CB0EB3B40E725E370F6380BE /* Foundation.framework in Frameworks */ = {isa = PBXBuildFile; fileRef = BD5C531E50725184DE5C34AE /* Foundation.framework */; };
		CD7C4EC830540557DC1917D4 /* Assets.xcassets in Resources */ = {isa = PBXBuildFile; fileRef = 292DE8A24422FF58688E5340 /* Assets.xcassets */; };
/* End PBXBuildFile section */

/* Begin PBXContainerItemProxy section */
		F5C24C5A303D29B5A18A5DA5 /* PBXContainerItemProxy */ = {
			isa = PBXContainerItemProxy;
			containerPortal = 645164C6E629C4CAB1BA3AF0 /* Project object */;
			proxyType = 1;
			remoteGlobalIDString = F3E17E5ACFF435B1F250EA07;
			remoteInfo = NativeTemplate;
		};
/* End PBXContainerItemProxy section */

/* Begin PBXFileReference section */
		022C7143129A440ED0E89D4D /* DesignSystemTestHost.swift */ = {isa = PBXFileReference; includeInIndex = 1; lastKnownFileType = sourcecode.swift; path = DesignSystemTestHost.swift; sourceTree = "<group>"; };
		292DE8A24422FF58688E5340 /* Assets.xcassets */ = {isa = PBXFileReference; includeInIndex = 1; lastKnownFileType = folder.assetcatalog; name = Assets.xcassets; path = Resources/Assets.xcassets; sourceTree = "<group>"; };
		38A1BECCFE39A95EF76A8B87 /* NativeTemplateApp.swift */ = {isa = PBXFileReference; includeInIndex = 1; lastKnownFileType = sourcecode.swift; path = NativeTemplateApp.swift; sourceTree = "<group>"; };
		5058E1E1A8987CCF85129DA9 /* DesignSystemUITests.swift */ = {isa = PBXFileReference; includeInIndex = 1; lastKnownFileType = sourcecode.swift; path = DesignSystemUITests.swift; sourceTree = "<group>"; };
		6F17F1F724C9C0730804DDB7 /* ContentView.swift */ = {isa = PBXFileReference; includeInIndex = 1; lastKnownFileType = sourcecode.swift; path = ContentView.swift; sourceTree = "<group>"; };
		BD5C531E50725184DE5C34AE /* Foundation.framework */ = {isa = PBXFileReference; lastKnownFileType = wrapper.framework; name = Foundation.framework; path = System/Library/Frameworks/Foundation.framework; sourceTree = SDKROOT; };
		CC566ECE70854E4C874BC00B /* Foundation.framework */ = {isa = PBXFileReference; lastKnownFileType = wrapper.framework; name = Foundation.framework; path = System/Library/Frameworks/Foundation.framework; sourceTree = SDKROOT; };
		F2CA768A1655D58587848047 /* NativeTemplate.app */ = {isa = PBXFileReference; explicitFileType = wrapper.application; includeInIndex = 0; path = NativeTemplate.app; sourceTree = BUILT_PRODUCTS_DIR; };
		FA706CA88C8E0B86FC337831 /* DesignSystemUITests.xctest */ = {isa = PBXFileReference; explicitFileType = wrapper.cfbundle; includeInIndex = 0; path = DesignSystemUITests.xctest; sourceTree = BUILT_PRODUCTS_DIR; };
/* End PBXFileReference section */

/* Begin PBXFrameworksBuildPhase section */
		5D3DA419B882C0667E912203 /* Frameworks */ = {
			isa = PBXFrameworksBuildPhase;
			buildActionMask = 2147483647;
			files = (
				CB0EB3B40E725E370F6380BE /* Foundation.framework in Frameworks */,
			);
			runOnlyForDeploymentPostprocessing = 0;
		};
		7AE8272E8C260DD718D0BC8C /* Frameworks */ = {
			isa = PBXFrameworksBuildPhase;
			buildActionMask = 2147483647;
			files = (
				933A180363461C440CAC6A7A /* Foundation.framework in Frameworks */,
				92A0BEE22F912E959015820A /* DesignSystem in Frameworks */,
			);
			runOnlyForDeploymentPostprocessing = 0;
		};
/* End PBXFrameworksBuildPhase section */

/* Begin PBXGroup section */
		0623B458D834F71EC7F42DB0 /* DesignSystemUITests */ = {
			isa = PBXGroup;
			children = (
				5058E1E1A8987CCF85129DA9 /* DesignSystemUITests.swift */,
			);
			name = DesignSystemUITests;
			path = DesignSystemUITests;
			sourceTree = "<group>";
		};
		385646BAB526DDA6D63DA1EC /* iOS */ = {
			isa = PBXGroup;
			children = (
				CC566ECE70854E4C874BC00B /* Foundation.framework */,
				BD5C531E50725184DE5C34AE /* Foundation.framework */,
			);
			name = iOS;
			sourceTree = "<group>";
		};
		5E93C24AF2591E083AC0D4A0 /* Frameworks */ = {
			isa = PBXGroup;
			children = (
				385646BAB526DDA6D63DA1EC /* iOS */,
			);
			name = Frameworks;
			sourceTree = "<group>";
		};
		74BC720EC4D87486DE47A28A /* Products */ = {
			isa = PBXGroup;
			children = (
				F2CA768A1655D58587848047 /* NativeTemplate.app */,
				FA706CA88C8E0B86FC337831 /* DesignSystemUITests.xctest */,
			);
			name = Products;
			sourceTree = "<group>";
		};
		A74F08657DA91CCEDE2E4E72 = {
			isa = PBXGroup;
			children = (
				74BC720EC4D87486DE47A28A /* Products */,
				5E93C24AF2591E083AC0D4A0 /* Frameworks */,
				C5D44E4DEEC400482E20B2A2 /* App */,
				0623B458D834F71EC7F42DB0 /* DesignSystemUITests */,
			);
			sourceTree = "<group>";
		};
		C5D44E4DEEC400482E20B2A2 /* App */ = {
			isa = PBXGroup;
			children = (
				38A1BECCFE39A95EF76A8B87 /* NativeTemplateApp.swift */,
				6F17F1F724C9C0730804DDB7 /* ContentView.swift */,
				292DE8A24422FF58688E5340 /* Assets.xcassets */,
				022C7143129A440ED0E89D4D /* DesignSystemTestHost.swift */,
			);
			name = App;
			path = App;
			sourceTree = "<group>";
		};
/* End PBXGroup section */

/* Begin PBXNativeTarget section */
		057D0609E0D7746B0F43FCFC /* DesignSystemUITests */ = {
			isa = PBXNativeTarget;
			buildConfigurationList = 5A105931605A84EF81610E77 /* Build configuration list for PBXNativeTarget "DesignSystemUITests" */;
			buildPhases = (
				F84038D9A02E02DA524A60D9 /* Sources */,
				5D3DA419B882C0667E912203 /* Frameworks */,
				2CB5B589CB83E391C5B79404 /* Resources */,
			);
			buildRules = (
			);
			dependencies = (
				F5D7316F15EA82BE712EEFE4 /* PBXTargetDependency */,
			);
			name = DesignSystemUITests;
			productName = DesignSystemUITests;
			productReference = FA706CA88C8E0B86FC337831 /* DesignSystemUITests.xctest */;
			productType = "com.apple.product-type.bundle.ui-testing";
		};
		F3E17E5ACFF435B1F250EA07 /* NativeTemplate */ = {
			isa = PBXNativeTarget;
			buildConfigurationList = FD461F34945105375E220B53 /* Build configuration list for PBXNativeTarget "NativeTemplate" */;
			buildPhases = (
				3963F2CDDC9B24D7C6EA4EF0 /* Sources */,
				7AE8272E8C260DD718D0BC8C /* Frameworks */,
				143F79CD923855AF61234B91 /* Resources */,
			);
			buildRules = (
			);
			dependencies = (
			);
			name = NativeTemplate;
			packageProductDependencies = (
				699B67D00555C3B038BBB4CE /* DesignSystem */,
			);
			productName = NativeTemplate;
			productReference = F2CA768A1655D58587848047 /* NativeTemplate.app */;
			productType = "com.apple.product-type.application";
		};
/* End PBXNativeTarget section */

/* Begin PBXProject section */
		645164C6E629C4CAB1BA3AF0 /* Project object */ = {
			isa = PBXProject;
			attributes = {
				LastSwiftUpdateCheck = 1600;
				LastUpgradeCheck = 1600;
			};
			buildConfigurationList = 53C9787C2191B1F5B799F442 /* Build configuration list for PBXProject "NativeTemplate" */;
			compatibilityVersion = "Xcode 3.2";
			developmentRegion = en;
			hasScannedForEncodings = 0;
			knownRegions = (
				en,
				Base,
			);
			mainGroup = A74F08657DA91CCEDE2E4E72;
			minimizedProjectReferenceProxies = 0;
			packageReferences = (
				30ABF2F4A1C1CB09394CEFB5 /* XCLocalSwiftPackageReference "DesignSystem" */,
			);
			preferredProjectObjectVersion = 100;
			productRefGroup = 74BC720EC4D87486DE47A28A /* Products */;
			projectDirPath = "";
			projectRoot = "";
			targets = (
				F3E17E5ACFF435B1F250EA07 /* NativeTemplate */,
				057D0609E0D7746B0F43FCFC /* DesignSystemUITests */,
			);
		};
/* End PBXProject section */

/* Begin PBXResourcesBuildPhase section */
		143F79CD923855AF61234B91 /* Resources */ = {
			isa = PBXResourcesBuildPhase;
			buildActionMask = 2147483647;
			files = (
				CD7C4EC830540557DC1917D4 /* Assets.xcassets in Resources */,
			);
			runOnlyForDeploymentPostprocessing = 0;
		};
		2CB5B589CB83E391C5B79404 /* Resources */ = {
			isa = PBXResourcesBuildPhase;
			buildActionMask = 2147483647;
			files = (
			);
			runOnlyForDeploymentPostprocessing = 0;
		};
/* End PBXResourcesBuildPhase section */

/* Begin PBXSourcesBuildPhase section */
		3963F2CDDC9B24D7C6EA4EF0 /* Sources */ = {
			isa = PBXSourcesBuildPhase;
			buildActionMask = 2147483647;
			files = (
				531397CD39C7E456987C5161 /* NativeTemplateApp.swift in Sources */,
				17A9A5C0EAEBA038374C1030 /* ContentView.swift in Sources */,
				C2A09AB0EDBBB26F23ECF702 /* DesignSystemTestHost.swift in Sources */,
			);
			runOnlyForDeploymentPostprocessing = 0;
		};
		F84038D9A02E02DA524A60D9 /* Sources */ = {
			isa = PBXSourcesBuildPhase;
			buildActionMask = 2147483647;
			files = (
				4ACE4754306A74E59B7A5E2B /* DesignSystemUITests.swift in Sources */,
			);
			runOnlyForDeploymentPostprocessing = 0;
		};
/* End PBXSourcesBuildPhase section */

/* Begin PBXTargetDependency section */
		F5D7316F15EA82BE712EEFE4 /* PBXTargetDependency */ = {
			isa = PBXTargetDependency;
			name = NativeTemplate;
			target = F3E17E5ACFF435B1F250EA07 /* NativeTemplate */;
			targetProxy = F5C24C5A303D29B5A18A5DA5 /* PBXContainerItemProxy */;
		};
/* End PBXTargetDependency section */

/* Begin XCBuildConfiguration section */
		65E4E035CF26B27E479B65E0 /* Release */ = {
			isa = XCBuildConfiguration;
			buildSettings = {
				CLANG_ENABLE_OBJC_WEAK = NO;
				CODE_SIGN_STYLE = Automatic;
				GENERATE_INFOPLIST_FILE = YES;
				INFOPLIST_KEY_CFBundleDisplayName = NativeTemplate;
				INFOPLIST_KEY_UIApplicationSceneManifest_Generation = YES;
				INFOPLIST_KEY_UILaunchScreen_Generation = YES;
				INFOPLIST_KEY_UISupportedInterfaceOrientations = "UIInterfaceOrientationPortrait UIInterfaceOrientationLandscapeLeft UIInterfaceOrientationLandscapeRight";
				IPHONEOS_DEPLOYMENT_TARGET = 17.0;
				LD_RUNPATH_SEARCH_PATHS = "$(inherited) @executable_path/Frameworks";
				PRODUCT_BUNDLE_IDENTIFIER = com.example.nativetemplate;
				PRODUCT_NAME = NativeTemplate;
				SDKROOT = iphoneos;
				SWIFT_VERSION = 6.0;
				TARGETED_DEVICE_FAMILY = "1,2";
				VALIDATE_PRODUCT = YES;
			};
			name = Release;
		};
		81A9D1D5A02445897552CA88 /* Debug */ = {
			isa = XCBuildConfiguration;
			buildSettings = {
				CLANG_ENABLE_OBJC_WEAK = NO;
				CODE_SIGN_STYLE = Automatic;
				GENERATE_INFOPLIST_FILE = YES;
				IPHONEOS_DEPLOYMENT_TARGET = 17.0;
				PRODUCT_BUNDLE_IDENTIFIER = com.example.nativetemplate.DesignSystemUITests;
				SDKROOT = iphoneos;
				SWIFT_VERSION = 6.0;
				TEST_TARGET_NAME = NativeTemplate;
			};
			name = Debug;
		};
		8AD54FB0DFF81754A5AA065C /* Release */ = {
			isa = XCBuildConfiguration;
			buildSettings = {
				ALWAYS_SEARCH_USER_PATHS = NO;
				CLANG_ANALYZER_NONNULL = YES;
				CLANG_ANALYZER_NUMBER_OBJECT_CONVERSION = YES_AGGRESSIVE;
				CLANG_CXX_LANGUAGE_STANDARD = "gnu++14";
				CLANG_CXX_LIBRARY = "libc++";
				CLANG_ENABLE_MODULES = YES;
				CLANG_ENABLE_OBJC_ARC = YES;
				CLANG_ENABLE_OBJC_WEAK = YES;
				CLANG_WARN_BLOCK_CAPTURE_AUTORELEASING = YES;
				CLANG_WARN_BOOL_CONVERSION = YES;
				CLANG_WARN_COMMA = YES;
				CLANG_WARN_CONSTANT_CONVERSION = YES;
				CLANG_WARN_DEPRECATED_OBJC_IMPLEMENTATIONS = YES;
				CLANG_WARN_DIRECT_OBJC_ISA_USAGE = YES_ERROR;
				CLANG_WARN_DOCUMENTATION_COMMENTS = YES;
				CLANG_WARN_EMPTY_BODY = YES;
				CLANG_WARN_ENUM_CONVERSION = YES;
				CLANG_WARN_INFINITE_RECURSION = YES;
				CLANG_WARN_INT_CONVERSION = YES;
				CLANG_WARN_NON_LITERAL_NULL_CONVERSION = YES;
				CLANG_WARN_OBJC_IMPLICIT_RETAIN_SELF = YES;
				CLANG_WARN_OBJC_LITERAL_CONVERSION = YES;
				CLANG_WARN_OBJC_ROOT_CLASS = YES_ERROR;
				CLANG_WARN_QUOTED_INCLUDE_IN_FRAMEWORK_HEADER = YES;
				CLANG_WARN_RANGE_LOOP_ANALYSIS = YES;
				CLANG_WARN_STRICT_PROTOTYPES = YES;
				CLANG_WARN_SUSPICIOUS_MOVE = YES;
				CLANG_WARN_UNGUARDED_AVAILABILITY = YES_AGGRESSIVE;
				CLANG_WARN_UNREACHABLE_CODE = YES;
				CLANG_WARN__DUPLICATE_METHOD_MATCH = YES;
				COPY_PHASE_STRIP = NO;
				DEBUG_INFORMATION_FORMAT = "dwarf-with-dsym";
				ENABLE_NS_ASSERTIONS = NO;
				ENABLE_STRICT_OBJC_MSGSEND = YES;
				GCC_C_LANGUAGE_STANDARD = gnu11;
				GCC_NO_COMMON_BLOCKS = YES;
				GCC_WARN_64_TO_32_BIT_CONVERSION = YES;
				GCC_WARN_ABOUT_RETURN_TYPE = YES_ERROR;
				GCC_WARN_UNDECLARED_SELECTOR = YES;
				GCC_WARN_UNINITIALIZED_AUTOS = YES_AGGRESSIVE;
				GCC_WARN_UNUSED_FUNCTION = YES;
				GCC_WARN_UNUSED_VARIABLE = YES;
				MTL_ENABLE_DEBUG_INFO = NO;
				MTL_FAST_MATH = YES;
				PRODUCT_NAME = "$(TARGET_NAME)";
				SWIFT_COMPILATION_MODE = wholemodule;
				SWIFT_OPTIMIZATION_LEVEL = "-O";
				SWIFT_VERSION = 5.0;
			};
			name = Release;
		};
		ABA8312BD8281E437B5FA6DE /* Debug */ = {
			isa = XCBuildConfiguration;
			buildSettings = {
				CLANG_ENABLE_OBJC_WEAK = NO;
				CODE_SIGN_STYLE = Automatic;
				GENERATE_INFOPLIST_FILE = YES;
				INFOPLIST_KEY_CFBundleDisplayName = NativeTemplate;
				INFOPLIST_KEY_UIApplicationSceneManifest_Generation = YES;
				INFOPLIST_KEY_UILaunchScreen_Generation = YES;
				INFOPLIST_KEY_UISupportedInterfaceOrientations = "UIInterfaceOrientationPortrait UIInterfaceOrientationLandscapeLeft UIInterfaceOrientationLandscapeRight";
				IPHONEOS_DEPLOYMENT_TARGET = 17.0;
				LD_RUNPATH_SEARCH_PATHS = "$(inherited) @executable_path/Frameworks";
				PRODUCT_BUNDLE_IDENTIFIER = com.example.nativetemplate;
				PRODUCT_NAME = NativeTemplate;
				SDKROOT = iphoneos;
				SWIFT_VERSION = 6.0;
				TARGETED_DEVICE_FAMILY = "1,2";
			};
			name = Debug;
		};
		D74881D78F6A2CF90D6AA5B6 /* Release */ = {
			isa = XCBuildConfiguration;
			buildSettings = {
				CLANG_ENABLE_OBJC_WEAK = NO;
				CODE_SIGN_STYLE = Automatic;
				GENERATE_INFOPLIST_FILE = YES;
				IPHONEOS_DEPLOYMENT_TARGET = 17.0;
				PRODUCT_BUNDLE_IDENTIFIER = com.example.nativetemplate.DesignSystemUITests;
				SDKROOT = iphoneos;
				SWIFT_VERSION = 6.0;
				TEST_TARGET_NAME = NativeTemplate;
				VALIDATE_PRODUCT = YES;
			};
			name = Release;
		};
		FBE2BFA70DD01D8ED4AA6B94 /* Debug */ = {
			isa = XCBuildConfiguration;
			buildSettings = {
				ALWAYS_SEARCH_USER_PATHS = NO;
				CLANG_ANALYZER_NONNULL = YES;
				CLANG_ANALYZER_NUMBER_OBJECT_CONVERSION = YES_AGGRESSIVE;
				CLANG_CXX_LANGUAGE_STANDARD = "gnu++14";
				CLANG_CXX_LIBRARY = "libc++";
				CLANG_ENABLE_MODULES = YES;
				CLANG_ENABLE_OBJC_ARC = YES;
				CLANG_ENABLE_OBJC_WEAK = YES;
				CLANG_WARN_BLOCK_CAPTURE_AUTORELEASING = YES;
				CLANG_WARN_BOOL_CONVERSION = YES;
				CLANG_WARN_COMMA = YES;
				CLANG_WARN_CONSTANT_CONVERSION = YES;
				CLANG_WARN_DEPRECATED_OBJC_IMPLEMENTATIONS = YES;
				CLANG_WARN_DIRECT_OBJC_ISA_USAGE = YES_ERROR;
				CLANG_WARN_DOCUMENTATION_COMMENTS = YES;
				CLANG_WARN_EMPTY_BODY = YES;
				CLANG_WARN_ENUM_CONVERSION = YES;
				CLANG_WARN_INFINITE_RECURSION = YES;
				CLANG_WARN_INT_CONVERSION = YES;
				CLANG_WARN_NON_LITERAL_NULL_CONVERSION = YES;
				CLANG_WARN_OBJC_IMPLICIT_RETAIN_SELF = YES;
				CLANG_WARN_OBJC_LITERAL_CONVERSION = YES;
				CLANG_WARN_OBJC_ROOT_CLASS = YES_ERROR;
				CLANG_WARN_QUOTED_INCLUDE_IN_FRAMEWORK_HEADER = YES;
				CLANG_WARN_RANGE_LOOP_ANALYSIS = YES;
				CLANG_WARN_STRICT_PROTOTYPES = YES;
				CLANG_WARN_SUSPICIOUS_MOVE = YES;
				CLANG_WARN_UNGUARDED_AVAILABILITY = YES_AGGRESSIVE;
				CLANG_WARN_UNREACHABLE_CODE = YES;
				CLANG_WARN__DUPLICATE_METHOD_MATCH = YES;
				COPY_PHASE_STRIP = NO;
				DEBUG_INFORMATION_FORMAT = dwarf;
				ENABLE_STRICT_OBJC_MSGSEND = YES;
				ENABLE_TESTABILITY = YES;
				GCC_C_LANGUAGE_STANDARD = gnu11;
				GCC_DYNAMIC_NO_PIC = NO;
				GCC_NO_COMMON_BLOCKS = YES;
				GCC_OPTIMIZATION_LEVEL = 0;
				GCC_PREPROCESSOR_DEFINITIONS = (
					"DEBUG=1",
					"$(inherited)",
				);
				GCC_WARN_64_TO_32_BIT_CONVERSION = YES;
				GCC_WARN_ABOUT_RETURN_TYPE = YES_ERROR;
				GCC_WARN_UNDECLARED_SELECTOR = YES;
				GCC_WARN_UNINITIALIZED_AUTOS = YES_AGGRESSIVE;
				GCC_WARN_UNUSED_FUNCTION = YES;
				GCC_WARN_UNUSED_VARIABLE = YES;
				MTL_ENABLE_DEBUG_INFO = INCLUDE_SOURCE;
				MTL_FAST_MATH = YES;
				ONLY_ACTIVE_ARCH = YES;
				PRODUCT_NAME = "$(TARGET_NAME)";
				SWIFT_ACTIVE_COMPILATION_CONDITIONS = DEBUG;
				SWIFT_OPTIMIZATION_LEVEL = "-Onone";
				SWIFT_VERSION = 5.0;
			};
			name = Debug;
		};
/* End XCBuildConfiguration section */

/* Begin XCConfigurationList section */
		53C9787C2191B1F5B799F442 /* Build configuration list for PBXProject "NativeTemplate" */ = {
			isa = XCConfigurationList;
			buildConfigurations = (
				FBE2BFA70DD01D8ED4AA6B94 /* Debug */,
				8AD54FB0DFF81754A5AA065C /* Release */,
			);
			defaultConfigurationIsVisible = 0;
			defaultConfigurationName = Release;
		};
		5A105931605A84EF81610E77 /* Build configuration list for PBXNativeTarget "DesignSystemUITests" */ = {
			isa = XCConfigurationList;
			buildConfigurations = (
				D74881D78F6A2CF90D6AA5B6 /* Release */,
				81A9D1D5A02445897552CA88 /* Debug */,
			);
			defaultConfigurationIsVisible = 0;
			defaultConfigurationName = Release;
		};
		FD461F34945105375E220B53 /* Build configuration list for PBXNativeTarget "NativeTemplate" */ = {
			isa = XCConfigurationList;
			buildConfigurations = (
				65E4E035CF26B27E479B65E0 /* Release */,
				ABA8312BD8281E437B5FA6DE /* Debug */,
			);
			defaultConfigurationIsVisible = 0;
			defaultConfigurationName = Release;
		};
/* End XCConfigurationList section */

/* Begin XCLocalSwiftPackageReference section */
		30ABF2F4A1C1CB09394CEFB5 /* XCLocalSwiftPackageReference "DesignSystem" */ = {
			isa = XCLocalSwiftPackageReference;
			relativePath = Packages/Core/DesignSystem;
		};
/* End XCLocalSwiftPackageReference section */

/* Begin XCSwiftPackageProductDependency section */
		699B67D00555C3B038BBB4CE /* DesignSystem */ = {
			isa = XCSwiftPackageProductDependency;
			package = 30ABF2F4A1C1CB09394CEFB5 /* XCLocalSwiftPackageReference "DesignSystem" */;
			productName = DesignSystem;
		};
/* End XCSwiftPackageProductDependency section */
	};
	rootObject = 645164C6E629C4CAB1BA3AF0 /* Project object */;
}
